
Microsoft Visual Studio Solution File, Format Version 12.00
# Visual Studio Version 16
VisualStudioVersion = 16.0.31321.278
MinimumVisualStudioVersion = 10.0.40219.1
Project("{2150E333-8FDC-42A3-9474-1A3956D46DE8}") = "Lesson1", "Lesson1", "{CD9F3788-280B-4F1C-A257-97FF753412DF}"
EndProject
Project("{2150E333-8FDC-42A3-9474-1A3956D46DE8}") = "Lesson2", "Lesson2", "{2B3BB876-1B15-4602-8416-9EC5B0E80305}"
EndProject
Project("{9A19103F-16F7-4668-BE54-9A1E7A4F7556}") = "Lesson2_Exercise3", "Lesson2_Exercise3\Lesson2_Exercise3.csproj", "{33E3D17E-0CC6-4955-AD76-F0C12046138A}"
EndProject
Project("{9A19103F-16F7-4668-BE54-9A1E7A4F7556}") = "Lesson2_Exercise4", "Lesson2_Exercise4\Lesson2_Exercise4.csproj", "{7D0CAC6A-39DB-469A-96F9-0A5C4BBF6D8F}"
EndProject
Project("{9A19103F-16F7-4668-BE54-9A1E7A4F7556}") = "Lesson2_Exercise5", "Lesson2_Exercise5\Lesson2_Exercise5.csproj", "{4058BF02-674F-4F2F-89EA-894CD5EA1AC4}"
EndProject
Project("{9A19103F-16F7-4668-BE54-9A1E7A4F7556}") = "Lesson1_Exercise1", "Lesson1_Exercise1\Lesson1_Exercise1.csproj", "{91C01826-F31B-4D98-8D8E-ABF524CF28B1}"
EndProject
Project("{9A19103F-16F7-4668-BE54-9A1E7A4F7556}") = "Lesson2_Exercise1", "Lesson2_Exercise1\Lesson2_Exercise1.csproj", "{BD0A375E-8649-4A45-B38A-4CD43D84C148}"
EndProject
Project("{9A19103F-16F7-4668-BE54-9A1E7A4F7556}") = "Lesson2_Exercise2", "Lesson2_Exercise2\Lesson2_Exercise2.csproj", "{B73C684E-3D65-4039-ADD8-B37A78212A30}"
EndProject
Project("{2150E333-8FDC-42A3-9474-1A3956D46DE8}") = "Lesson3", "Lesson3", "{70AC1195-C94F-4562-A392-F9053B7AA551}"
EndProject
Project("{9A19103F-16F7-4668-BE54-9A1E7A4F7556}") = "Lesson3_Exercise1", "Lesson3_Exercise1\Lesson3_Exercise1.csproj", "{21E7B55C-68F6-442F-A172-C5868F63C3D6}"
EndProject
Project("{9A19103F-16F7-4668-BE54-9A1E7A4F7556}") = "Lesson3_Exercise2", "Lesson3_Exercise2\Lesson3_Exercise2.csproj", "{A87D893E-BEAE-489E-939C-7C1E88061932}"
EndProject
Project("{9A19103F-16F7-4668-BE54-9A1E7A4F7556}") = "Lesson3_Exercise3", "Lesson3_Exercise3\Lesson3_Exercise3.csproj", "{B4D46A0B-5441-4AD6-B0ED-188835E5198C}"
EndProject
Project("{9A19103F-16F7-4668-BE54-9A1E7A4F7556}") = "Lesson3_Exercise4", "Lesson3_Exercise4\Lesson3_Exercise4.csproj", "{D4AA1298-AF3D-46EA-8C3D-9A64481EC213}"
EndProject
Project("{2150E333-8FDC-42A3-9474-1A3956D46DE8}") = "Lesson4", "Lesson4", "{7AD95D69-F8AA-4590-9906-FF7FB60273D5}"
EndProject
Project("{9A19103F-16F7-4668-BE54-9A1E7A4F7556}") = "Lesson4_Exercise1", "Lesson4_Exercise1\Lesson4_Exercise1.csproj", "{B1985769-A5C5-45BD-869B-04A11208357E}"
EndProject
Project("{9A19103F-16F7-4668-BE54-9A1E7A4F7556}") = "Lesson4_Exercise2", "Lesson4_Exercise2\Lesson4_Exercise2.csproj", "{38A8EE1C-3698-4627-ADC1-A056CDA27A32}"
EndProject
Project("{9A19103F-16F7-4668-BE54-9A1E7A4F7556}") = "Lesson4_Exercise3", "Lesson4_Exercise3\Lesson4_Exercise3.csproj", "{D6768D7C-D30E-4D76-9886-59D367E434FC}"
EndProject
Project("{9A19103F-16F7-4668-BE54-9A1E7A4F7556}") = "Lesson4_Exercise4", "Lesson4_Exercise4\Lesson4_Exercise4.csproj", "{E7E4F7B6-965C-46F3-BA47-A95D27DA2385}"
EndProject
Project("{2150E333-8FDC-42A3-9474-1A3956D46DE8}") = "Lesson5", "Lesson5", "{A3272FBA-8389-46DB-9A9E-21BFEB07F909}"
EndProject
Project("{9A19103F-16F7-4668-BE54-9A1E7A4F7556}") = "Lesson5_Exercise1_and_Exercise2", "Lesson5_Exercise1_and_Exercise2\Lesson5_Exercise1_and_Exercise2.csproj", "{DE63B2CE-CEBE-403E-99C1-13C2E0F71602}"
EndProject
Project("{9A19103F-16F7-4668-BE54-9A1E7A4F7556}") = "Lesson5_Exercise3", "Lesson5_Exercise3\Lesson5_Exercise3.csproj", "{3489A9BA-E158-4F86-9FD9-FF4FAA144086}"
EndProject
Project("{9A19103F-16F7-4668-BE54-9A1E7A4F7556}") = "Lesson5_Exercise4", "Lesson5_Exercise4\Lesson5_Exercise4.csproj", "{A8AB01CB-FBEE-4435-B3BA-C17B8263D076}"
EndProject
Project("{9A19103F-16F7-4668-BE54-9A1E7A4F7556}") = "Lesson5_Exercise5", "Lesson5_Exercise5\Lesson5_Exercise5.csproj", "{9DDE5B3F-0D0D-456B-9337-AEE729534241}"
EndProject
Project("{2150E333-8FDC-42A3-9474-1A3956D46DE8}") = "Lesson6", "Lesson6", "{56814978-9130-4654-9BB1-18EFC8F98026}"
EndProject
Project("{9A19103F-16F7-4668-BE54-9A1E7A4F7556}") = "Lesson6_Exercise1", "Lesson6_Exercise1\Lesson6_Exercise1.csproj", "{CC725294-A3A9-4762-9BAB-3D5A6E53CEF5}"
EndProject
Project("{2150E333-8FDC-42A3-9474-1A3956D46DE8}") = "Lesson8", "Lesson8", "{2A7F0DE2-8DC2-4B43-ADF4-EF2DE344BD10}"
EndProject
Project("{9A19103F-16F7-4668-BE54-9A1E7A4F7556}") = "Lesson8_Exercise1", "Lesson8_Exercise1\Lesson8_Exercise1.csproj", "{876C71BA-13D3-448A-B873-B0214E4F1708}"
EndProject
Project("{2150E333-8FDC-42A3-9474-1A3956D46DE8}") = "Lesson9", "Lesson9", "{A7648E64-87B7-4067-BAA7-88BD58E89800}"
EndProject
Project("{9A19103F-16F7-4668-BE54-9A1E7A4F7556}") = "Lesson9_Coursework", "Lesson9_Coursework\Lesson9_Coursework.csproj", "{BCA83DED-F748-4DBD-852B-BC5838421EBD}"
EndProject
Project("{2150E333-8FDC-42A3-9474-1A3956D46DE8}") = "CSharp Introduction", "CSharp Introduction", "{94771CFC-5D2E-40EB-A624-E530182C6BB4}"
EndProject
Project("{2150E333-8FDC-42A3-9474-1A3956D46DE8}") = "Algorithms_DataStructures", "Algorithms_DataStructures", "{FB0F5265-CBD6-49F0-B23B-74CBE1B582A2}"
EndProject
Project("{2150E333-8FDC-42A3-9474-1A3956D46DE8}") = "Lesson1", "Lesson1", "{60C19F31-6BD2-488C-966D-7429CDA57CA0}"
EndProject
Project("{9A19103F-16F7-4668-BE54-9A1E7A4F7556}") = "Lesson1_Exercise1_Algs", "Lesson1_Exercise1_Algs\Lesson1_Exercise1_Algs.csproj", "{22D66B68-4337-446B-9A9A-7E4B65559470}"
EndProject
Project("{9A19103F-16F7-4668-BE54-9A1E7A4F7556}") = "Lesson1_Exercise2_Algs", "Lesson1_Exercise2_Algs\Lesson1_Exercise2_Algs.csproj", "{F48D3BE2-3E29-40B4-9E3F-AC12EFBCCDAC}"
EndProject
Project("{9A19103F-16F7-4668-BE54-9A1E7A4F7556}") = "Lesson1_Exercise3_Algs", "Lesson1_Exercise3_Algs\Lesson1_Exercise3_Algs.csproj", "{91315F19-1CCA-48B3-B5A5-F773044882AD}"
EndProject
Project("{2150E333-8FDC-42A3-9474-1A3956D46DE8}") = "Lesson2", "Lesson2", "{234D1CED-85A7-4DB4-B8D3-FCE1BEEE1B23}"
EndProject
Project("{9A19103F-16F7-4668-BE54-9A1E7A4F7556}") = "Lesson2_Exercise1_Algs", "Lesson2_Exercise1_Algs\Lesson2_Exercise1_Algs.csproj", "{37D35AE4-7361-4DB0-9898-5CC08E6D37A2}"
EndProject
Project("{9A19103F-16F7-4668-BE54-9A1E7A4F7556}") = "Lesson2_Exercise2_Algs", "Lesson2_Exercise2_Algs\Lesson2_Exercise2_Algs.csproj", "{CDCAF147-97C1-4495-913F-64EDCA1D5AA3}"
EndProject
Project("{2150E333-8FDC-42A3-9474-1A3956D46DE8}") = "Lesson3", "Lesson3", "{10D79816-8B0D-4261-AF24-F1BB1C87C1F5}"
EndProject
Project("{9A19103F-16F7-4668-BE54-9A1E7A4F7556}") = "Lesson3_Exercise1_Algs", "Lesson3_Exercise1_Algs\Lesson3_Exercise1_Algs.csproj", "{3934900A-5EDF-4F5B-8F82-6F8C67BD631D}"
EndProject
Project("{2150E333-8FDC-42A3-9474-1A3956D46DE8}") = "Lesson4", "Lesson4", "{F01954C4-A305-4881-9ED2-3BB3F5352C45}"
EndProject
Project("{9A19103F-16F7-4668-BE54-9A1E7A4F7556}") = "Lesson4_Exercise1_Algs", "Lesson4_Exercise1_Algs\Lesson4_Exercise1_Algs.csproj", "{B5CDAA49-0C1C-449E-BD45-7C19ABDFDC4F}"
EndProject
Project("{9A19103F-16F7-4668-BE54-9A1E7A4F7556}") = "Lesson4_Exercise2_Algs", "Lesson4_Exercise2_Algs\Lesson4_Exercise2_Algs.csproj", "{5205F06A-634D-4AA1-BBEB-5A6541D08CED}"
EndProject
Project("{2150E333-8FDC-42A3-9474-1A3956D46DE8}") = "Lesson5", "Lesson5", "{DD42AC8B-136A-4D1D-9491-1607E2B133A7}"
EndProject
Project("{9A19103F-16F7-4668-BE54-9A1E7A4F7556}") = "Lesson5_Exercise1_Algs", "Lesson5_Exercise1_Algs\Lesson5_Exercise1_Algs.csproj", "{5B054987-EF4C-4ED3-ADC7-E484F835AE7B}"
EndProject
Project("{2150E333-8FDC-42A3-9474-1A3956D46DE8}") = "Lesson6", "Lesson6", "{B5F672F6-5DB8-4DAA-8174-544B7DB76F0B}"
EndProject
Project("{9A19103F-16F7-4668-BE54-9A1E7A4F7556}") = "Lesson6_Exercise1_Algs", "Lesson6_Exercise1_Algs\Lesson6_Exercise1_Algs.csproj", "{4149EB46-A3CB-485C-9D5B-A700C8A6CA33}"
EndProject
Project("{2150E333-8FDC-42A3-9474-1A3956D46DE8}") = "Lesson7", "Lesson7", "{46AE3325-8BF7-432F-B63A-76013BFD452B}"
EndProject
Project("{9A19103F-16F7-4668-BE54-9A1E7A4F7556}") = "Lesson7_Exercise1_Algs", "Lesson7_Exercise1_Algs\Lesson7_Exercise1_Algs.csproj", "{F6264A0E-36AB-4CE4-8C81-38E5D917713D}"
EndProject
Project("{2150E333-8FDC-42A3-9474-1A3956D46DE8}") = "Lesson8", "Lesson8", "{16F2C6FE-6B14-4D6F-B5BD-02877134413D}"
EndProject
Project("{9A19103F-16F7-4668-BE54-9A1E7A4F7556}") = "Lesson8_Exercise1_Algs", "Lesson8_Exercise1_Algs\Lesson8_Exercise1_Algs.csproj", "{E006251C-DD06-463E-BFE7-E6AB73825C8A}"
EndProject
Project("{2150E333-8FDC-42A3-9474-1A3956D46DE8}") = "CSharp OOP", "CSharp OOP", "{36580BB8-C640-4F71-B8A2-8DD5C2C835E1}"
EndProject
Project("{2150E333-8FDC-42A3-9474-1A3956D46DE8}") = "Lesson2", "Lesson2", "{EC6F1E6A-9753-4FCC-8C15-2204BB7AF284}"
EndProject
Project("{9A19103F-16F7-4668-BE54-9A1E7A4F7556}") = "Lesson2_Exercise1_OOP", "Lesson2_Exercise1_OOP\Lesson2_Exercise1_OOP.csproj", "{BE3B1FCF-CB0F-4A48-8F43-D2065EB617B2}"
EndProject
Project("{2150E333-8FDC-42A3-9474-1A3956D46DE8}") = "Lesson4", "Lesson4", "{414FF6F6-1C5C-464E-86E5-E48251E67F1D}"
EndProject
Project("{9A19103F-16F7-4668-BE54-9A1E7A4F7556}") = "Lesson4_Exercise1_OOP", "Lesson4_Exercise1_OOP\Lesson4_Exercise1_OOP.csproj", "{2B56B98A-B465-4EA8-A033-C40310E913BD}"
EndProject
Project("{2150E333-8FDC-42A3-9474-1A3956D46DE8}") = "Lesson5", "Lesson5", "{B6042F8E-09EF-4066-A247-48FDD4222670}"
EndProject
Project("{9A19103F-16F7-4668-BE54-9A1E7A4F7556}") = "Lesson5_Exercise1_OOP", "Lesson5_Exercise1_OOP\Lesson5_Exercise1_OOP.csproj", "{BE303AB6-B546-4584-98D7-7601D15883A3}"
EndProject
Project("{2150E333-8FDC-42A3-9474-1A3956D46DE8}") = "Lesson7", "Lesson7", "{09272AEC-D902-44CD-A9CC-FBDD6A8673CD}"
EndProject
Project("{9A19103F-16F7-4668-BE54-9A1E7A4F7556}") = "Lesson7_Exercise1_OOP", "Lesson7_Exercise1_OOP\Lesson7_Exercise1_OOP.csproj", "{4DB25D2A-FF13-447D-BD53-66EAAD9486F7}"
EndProject
Project("{2150E333-8FDC-42A3-9474-1A3956D46DE8}") = "Lesson8", "Lesson8", "{AB0850D0-E44E-4E6C-BAD1-F6F603036895}"
EndProject
Project("{9A19103F-16F7-4668-BE54-9A1E7A4F7556}") = "Lesson8_Exercise1_OOP", "Lesson8_Exercise1_OOP\Lesson8_Exercise1_OOP.csproj", "{B14B17AD-1472-475F-ADEE-50CCDA4C62FE}"
EndProject
Project("{2150E333-8FDC-42A3-9474-1A3956D46DE8}") = "ASP.NET Core Web API microservices", "ASP.NET Core Web API microservices", "{0E60273D-19EA-4876-92CC-A8A78DCF8AA6}"
EndProject
Project("{2150E333-8FDC-42A3-9474-1A3956D46DE8}") = "Lesson1", "Lesson1", "{ED54F074-43EE-4930-BC54-BBCB83389C53}"
EndProject
Project("{9A19103F-16F7-4668-BE54-9A1E7A4F7556}") = "Lesson1_ex_1_API_micro", "Lesson1_ex_1\Lesson1_ex_1_API_micro.csproj", "{A30FDB29-CFCE-43E0-9C79-493B6DA89AE8}"
EndProject
Project("{2150E333-8FDC-42A3-9474-1A3956D46DE8}") = "MetricsProject", "MetricsProject", "{25FD424E-6A9D-432B-97F2-A6036D3AE654}"
EndProject
Project("{FAE04EC0-301F-11D3-BF4B-00C04F79EFBC}") = "MetricsProject_ver1", "MetricsProject_ver1\MetricsProject_ver1.csproj", "{CC0DCD17-33DB-4D04-96B4-2A641176AB67}"
EndProject
Project("{FAE04EC0-301F-11D3-BF4B-00C04F79EFBC}") = "MetricsManagerTests", "MetricsManagerTests\MetricsManagerTests.csproj", "{F9C670F7-6B9E-4E47-A384-0891D9D5D989}"
EndProject
Project("{FAE04EC0-301F-11D3-BF4B-00C04F79EFBC}") = "MetricsAgent", "MetricsAgent\MetricsAgent.csproj", "{AA499A98-726B-40DC-B8BD-150DC1E510BB}"
EndProject
Project("{FAE04EC0-301F-11D3-BF4B-00C04F79EFBC}") = "MetricsAgentTests", "MetricsGathererTests\MetricsAgentTests.csproj", "{4769C00E-ECB3-4816-ADC6-EE7BDAC1F9AE}"
EndProject
Global
	GlobalSection(SolutionConfigurationPlatforms) = preSolution
		Debug|Any CPU = Debug|Any CPU
		Release|Any CPU = Release|Any CPU
	EndGlobalSection
	GlobalSection(ProjectConfigurationPlatforms) = postSolution
		{33E3D17E-0CC6-4955-AD76-F0C12046138A}.Debug|Any CPU.ActiveCfg = Debug|Any CPU
		{33E3D17E-0CC6-4955-AD76-F0C12046138A}.Debug|Any CPU.Build.0 = Debug|Any CPU
		{33E3D17E-0CC6-4955-AD76-F0C12046138A}.Release|Any CPU.ActiveCfg = Release|Any CPU
		{33E3D17E-0CC6-4955-AD76-F0C12046138A}.Release|Any CPU.Build.0 = Release|Any CPU
		{7D0CAC6A-39DB-469A-96F9-0A5C4BBF6D8F}.Debug|Any CPU.ActiveCfg = Debug|Any CPU
		{7D0CAC6A-39DB-469A-96F9-0A5C4BBF6D8F}.Debug|Any CPU.Build.0 = Debug|Any CPU
		{7D0CAC6A-39DB-469A-96F9-0A5C4BBF6D8F}.Release|Any CPU.ActiveCfg = Release|Any CPU
		{7D0CAC6A-39DB-469A-96F9-0A5C4BBF6D8F}.Release|Any CPU.Build.0 = Release|Any CPU
		{4058BF02-674F-4F2F-89EA-894CD5EA1AC4}.Debug|Any CPU.ActiveCfg = Debug|Any CPU
		{4058BF02-674F-4F2F-89EA-894CD5EA1AC4}.Debug|Any CPU.Build.0 = Debug|Any CPU
		{4058BF02-674F-4F2F-89EA-894CD5EA1AC4}.Release|Any CPU.ActiveCfg = Release|Any CPU
		{4058BF02-674F-4F2F-89EA-894CD5EA1AC4}.Release|Any CPU.Build.0 = Release|Any CPU
		{91C01826-F31B-4D98-8D8E-ABF524CF28B1}.Debug|Any CPU.ActiveCfg = Debug|Any CPU
		{91C01826-F31B-4D98-8D8E-ABF524CF28B1}.Debug|Any CPU.Build.0 = Debug|Any CPU
		{91C01826-F31B-4D98-8D8E-ABF524CF28B1}.Release|Any CPU.ActiveCfg = Release|Any CPU
		{91C01826-F31B-4D98-8D8E-ABF524CF28B1}.Release|Any CPU.Build.0 = Release|Any CPU
		{BD0A375E-8649-4A45-B38A-4CD43D84C148}.Debug|Any CPU.ActiveCfg = Debug|Any CPU
		{BD0A375E-8649-4A45-B38A-4CD43D84C148}.Debug|Any CPU.Build.0 = Debug|Any CPU
		{BD0A375E-8649-4A45-B38A-4CD43D84C148}.Release|Any CPU.ActiveCfg = Release|Any CPU
		{BD0A375E-8649-4A45-B38A-4CD43D84C148}.Release|Any CPU.Build.0 = Release|Any CPU
		{B73C684E-3D65-4039-ADD8-B37A78212A30}.Debug|Any CPU.ActiveCfg = Debug|Any CPU
		{B73C684E-3D65-4039-ADD8-B37A78212A30}.Debug|Any CPU.Build.0 = Debug|Any CPU
		{B73C684E-3D65-4039-ADD8-B37A78212A30}.Release|Any CPU.ActiveCfg = Release|Any CPU
		{B73C684E-3D65-4039-ADD8-B37A78212A30}.Release|Any CPU.Build.0 = Release|Any CPU
		{21E7B55C-68F6-442F-A172-C5868F63C3D6}.Debug|Any CPU.ActiveCfg = Debug|Any CPU
		{21E7B55C-68F6-442F-A172-C5868F63C3D6}.Debug|Any CPU.Build.0 = Debug|Any CPU
		{21E7B55C-68F6-442F-A172-C5868F63C3D6}.Release|Any CPU.ActiveCfg = Release|Any CPU
		{21E7B55C-68F6-442F-A172-C5868F63C3D6}.Release|Any CPU.Build.0 = Release|Any CPU
		{A87D893E-BEAE-489E-939C-7C1E88061932}.Debug|Any CPU.ActiveCfg = Debug|Any CPU
		{A87D893E-BEAE-489E-939C-7C1E88061932}.Debug|Any CPU.Build.0 = Debug|Any CPU
		{A87D893E-BEAE-489E-939C-7C1E88061932}.Release|Any CPU.ActiveCfg = Release|Any CPU
		{A87D893E-BEAE-489E-939C-7C1E88061932}.Release|Any CPU.Build.0 = Release|Any CPU
		{B4D46A0B-5441-4AD6-B0ED-188835E5198C}.Debug|Any CPU.ActiveCfg = Debug|Any CPU
		{B4D46A0B-5441-4AD6-B0ED-188835E5198C}.Debug|Any CPU.Build.0 = Debug|Any CPU
		{B4D46A0B-5441-4AD6-B0ED-188835E5198C}.Release|Any CPU.ActiveCfg = Release|Any CPU
		{B4D46A0B-5441-4AD6-B0ED-188835E5198C}.Release|Any CPU.Build.0 = Release|Any CPU
		{D4AA1298-AF3D-46EA-8C3D-9A64481EC213}.Debug|Any CPU.ActiveCfg = Debug|Any CPU
		{D4AA1298-AF3D-46EA-8C3D-9A64481EC213}.Debug|Any CPU.Build.0 = Debug|Any CPU
		{D4AA1298-AF3D-46EA-8C3D-9A64481EC213}.Release|Any CPU.ActiveCfg = Release|Any CPU
		{D4AA1298-AF3D-46EA-8C3D-9A64481EC213}.Release|Any CPU.Build.0 = Release|Any CPU
		{B1985769-A5C5-45BD-869B-04A11208357E}.Debug|Any CPU.ActiveCfg = Debug|Any CPU
		{B1985769-A5C5-45BD-869B-04A11208357E}.Debug|Any CPU.Build.0 = Debug|Any CPU
		{B1985769-A5C5-45BD-869B-04A11208357E}.Release|Any CPU.ActiveCfg = Release|Any CPU
		{B1985769-A5C5-45BD-869B-04A11208357E}.Release|Any CPU.Build.0 = Release|Any CPU
		{38A8EE1C-3698-4627-ADC1-A056CDA27A32}.Debug|Any CPU.ActiveCfg = Debug|Any CPU
		{38A8EE1C-3698-4627-ADC1-A056CDA27A32}.Debug|Any CPU.Build.0 = Debug|Any CPU
		{38A8EE1C-3698-4627-ADC1-A056CDA27A32}.Release|Any CPU.ActiveCfg = Release|Any CPU
		{38A8EE1C-3698-4627-ADC1-A056CDA27A32}.Release|Any CPU.Build.0 = Release|Any CPU
		{D6768D7C-D30E-4D76-9886-59D367E434FC}.Debug|Any CPU.ActiveCfg = Debug|Any CPU
		{D6768D7C-D30E-4D76-9886-59D367E434FC}.Debug|Any CPU.Build.0 = Debug|Any CPU
		{D6768D7C-D30E-4D76-9886-59D367E434FC}.Release|Any CPU.ActiveCfg = Release|Any CPU
		{D6768D7C-D30E-4D76-9886-59D367E434FC}.Release|Any CPU.Build.0 = Release|Any CPU
		{E7E4F7B6-965C-46F3-BA47-A95D27DA2385}.Debug|Any CPU.ActiveCfg = Debug|Any CPU
		{E7E4F7B6-965C-46F3-BA47-A95D27DA2385}.Debug|Any CPU.Build.0 = Debug|Any CPU
		{E7E4F7B6-965C-46F3-BA47-A95D27DA2385}.Release|Any CPU.ActiveCfg = Release|Any CPU
		{E7E4F7B6-965C-46F3-BA47-A95D27DA2385}.Release|Any CPU.Build.0 = Release|Any CPU
		{DE63B2CE-CEBE-403E-99C1-13C2E0F71602}.Debug|Any CPU.ActiveCfg = Debug|Any CPU
		{DE63B2CE-CEBE-403E-99C1-13C2E0F71602}.Debug|Any CPU.Build.0 = Debug|Any CPU
		{DE63B2CE-CEBE-403E-99C1-13C2E0F71602}.Release|Any CPU.ActiveCfg = Release|Any CPU
		{DE63B2CE-CEBE-403E-99C1-13C2E0F71602}.Release|Any CPU.Build.0 = Release|Any CPU
		{3489A9BA-E158-4F86-9FD9-FF4FAA144086}.Debug|Any CPU.ActiveCfg = Debug|Any CPU
		{3489A9BA-E158-4F86-9FD9-FF4FAA144086}.Debug|Any CPU.Build.0 = Debug|Any CPU
		{3489A9BA-E158-4F86-9FD9-FF4FAA144086}.Release|Any CPU.ActiveCfg = Release|Any CPU
		{3489A9BA-E158-4F86-9FD9-FF4FAA144086}.Release|Any CPU.Build.0 = Release|Any CPU
		{A8AB01CB-FBEE-4435-B3BA-C17B8263D076}.Debug|Any CPU.ActiveCfg = Debug|Any CPU
		{A8AB01CB-FBEE-4435-B3BA-C17B8263D076}.Debug|Any CPU.Build.0 = Debug|Any CPU
		{A8AB01CB-FBEE-4435-B3BA-C17B8263D076}.Release|Any CPU.ActiveCfg = Release|Any CPU
		{A8AB01CB-FBEE-4435-B3BA-C17B8263D076}.Release|Any CPU.Build.0 = Release|Any CPU
		{9DDE5B3F-0D0D-456B-9337-AEE729534241}.Debug|Any CPU.ActiveCfg = Debug|Any CPU
		{9DDE5B3F-0D0D-456B-9337-AEE729534241}.Debug|Any CPU.Build.0 = Debug|Any CPU
		{9DDE5B3F-0D0D-456B-9337-AEE729534241}.Release|Any CPU.ActiveCfg = Release|Any CPU
		{9DDE5B3F-0D0D-456B-9337-AEE729534241}.Release|Any CPU.Build.0 = Release|Any CPU
		{CC725294-A3A9-4762-9BAB-3D5A6E53CEF5}.Debug|Any CPU.ActiveCfg = Debug|Any CPU
		{CC725294-A3A9-4762-9BAB-3D5A6E53CEF5}.Debug|Any CPU.Build.0 = Debug|Any CPU
		{CC725294-A3A9-4762-9BAB-3D5A6E53CEF5}.Release|Any CPU.ActiveCfg = Release|Any CPU
		{CC725294-A3A9-4762-9BAB-3D5A6E53CEF5}.Release|Any CPU.Build.0 = Release|Any CPU
		{876C71BA-13D3-448A-B873-B0214E4F1708}.Debug|Any CPU.ActiveCfg = Debug|Any CPU
		{876C71BA-13D3-448A-B873-B0214E4F1708}.Debug|Any CPU.Build.0 = Debug|Any CPU
		{876C71BA-13D3-448A-B873-B0214E4F1708}.Release|Any CPU.ActiveCfg = Release|Any CPU
		{876C71BA-13D3-448A-B873-B0214E4F1708}.Release|Any CPU.Build.0 = Release|Any CPU
		{BCA83DED-F748-4DBD-852B-BC5838421EBD}.Debug|Any CPU.ActiveCfg = Debug|Any CPU
		{BCA83DED-F748-4DBD-852B-BC5838421EBD}.Debug|Any CPU.Build.0 = Debug|Any CPU
		{BCA83DED-F748-4DBD-852B-BC5838421EBD}.Release|Any CPU.ActiveCfg = Release|Any CPU
		{BCA83DED-F748-4DBD-852B-BC5838421EBD}.Release|Any CPU.Build.0 = Release|Any CPU
		{22D66B68-4337-446B-9A9A-7E4B65559470}.Debug|Any CPU.ActiveCfg = Debug|Any CPU
		{22D66B68-4337-446B-9A9A-7E4B65559470}.Debug|Any CPU.Build.0 = Debug|Any CPU
		{22D66B68-4337-446B-9A9A-7E4B65559470}.Release|Any CPU.ActiveCfg = Release|Any CPU
		{22D66B68-4337-446B-9A9A-7E4B65559470}.Release|Any CPU.Build.0 = Release|Any CPU
		{F48D3BE2-3E29-40B4-9E3F-AC12EFBCCDAC}.Debug|Any CPU.ActiveCfg = Debug|Any CPU
		{F48D3BE2-3E29-40B4-9E3F-AC12EFBCCDAC}.Debug|Any CPU.Build.0 = Debug|Any CPU
		{F48D3BE2-3E29-40B4-9E3F-AC12EFBCCDAC}.Release|Any CPU.ActiveCfg = Release|Any CPU
		{F48D3BE2-3E29-40B4-9E3F-AC12EFBCCDAC}.Release|Any CPU.Build.0 = Release|Any CPU
		{91315F19-1CCA-48B3-B5A5-F773044882AD}.Debug|Any CPU.ActiveCfg = Debug|Any CPU
		{91315F19-1CCA-48B3-B5A5-F773044882AD}.Debug|Any CPU.Build.0 = Debug|Any CPU
		{91315F19-1CCA-48B3-B5A5-F773044882AD}.Release|Any CPU.ActiveCfg = Release|Any CPU
		{91315F19-1CCA-48B3-B5A5-F773044882AD}.Release|Any CPU.Build.0 = Release|Any CPU
		{37D35AE4-7361-4DB0-9898-5CC08E6D37A2}.Debug|Any CPU.ActiveCfg = Debug|Any CPU
		{37D35AE4-7361-4DB0-9898-5CC08E6D37A2}.Debug|Any CPU.Build.0 = Debug|Any CPU
		{37D35AE4-7361-4DB0-9898-5CC08E6D37A2}.Release|Any CPU.ActiveCfg = Release|Any CPU
		{37D35AE4-7361-4DB0-9898-5CC08E6D37A2}.Release|Any CPU.Build.0 = Release|Any CPU
		{CDCAF147-97C1-4495-913F-64EDCA1D5AA3}.Debug|Any CPU.ActiveCfg = Debug|Any CPU
		{CDCAF147-97C1-4495-913F-64EDCA1D5AA3}.Debug|Any CPU.Build.0 = Debug|Any CPU
		{CDCAF147-97C1-4495-913F-64EDCA1D5AA3}.Release|Any CPU.ActiveCfg = Release|Any CPU
		{CDCAF147-97C1-4495-913F-64EDCA1D5AA3}.Release|Any CPU.Build.0 = Release|Any CPU
		{3934900A-5EDF-4F5B-8F82-6F8C67BD631D}.Debug|Any CPU.ActiveCfg = Debug|Any CPU
		{3934900A-5EDF-4F5B-8F82-6F8C67BD631D}.Debug|Any CPU.Build.0 = Debug|Any CPU
		{3934900A-5EDF-4F5B-8F82-6F8C67BD631D}.Release|Any CPU.ActiveCfg = Release|Any CPU
		{3934900A-5EDF-4F5B-8F82-6F8C67BD631D}.Release|Any CPU.Build.0 = Release|Any CPU
		{B5CDAA49-0C1C-449E-BD45-7C19ABDFDC4F}.Debug|Any CPU.ActiveCfg = Debug|Any CPU
		{B5CDAA49-0C1C-449E-BD45-7C19ABDFDC4F}.Debug|Any CPU.Build.0 = Debug|Any CPU
		{B5CDAA49-0C1C-449E-BD45-7C19ABDFDC4F}.Release|Any CPU.ActiveCfg = Release|Any CPU
		{B5CDAA49-0C1C-449E-BD45-7C19ABDFDC4F}.Release|Any CPU.Build.0 = Release|Any CPU
		{5205F06A-634D-4AA1-BBEB-5A6541D08CED}.Debug|Any CPU.ActiveCfg = Debug|Any CPU
		{5205F06A-634D-4AA1-BBEB-5A6541D08CED}.Debug|Any CPU.Build.0 = Debug|Any CPU
		{5205F06A-634D-4AA1-BBEB-5A6541D08CED}.Release|Any CPU.ActiveCfg = Release|Any CPU
		{5205F06A-634D-4AA1-BBEB-5A6541D08CED}.Release|Any CPU.Build.0 = Release|Any CPU
		{5B054987-EF4C-4ED3-ADC7-E484F835AE7B}.Debug|Any CPU.ActiveCfg = Debug|Any CPU
		{5B054987-EF4C-4ED3-ADC7-E484F835AE7B}.Debug|Any CPU.Build.0 = Debug|Any CPU
		{5B054987-EF4C-4ED3-ADC7-E484F835AE7B}.Release|Any CPU.ActiveCfg = Release|Any CPU
		{5B054987-EF4C-4ED3-ADC7-E484F835AE7B}.Release|Any CPU.Build.0 = Release|Any CPU
		{4149EB46-A3CB-485C-9D5B-A700C8A6CA33}.Debug|Any CPU.ActiveCfg = Debug|Any CPU
		{4149EB46-A3CB-485C-9D5B-A700C8A6CA33}.Debug|Any CPU.Build.0 = Debug|Any CPU
		{4149EB46-A3CB-485C-9D5B-A700C8A6CA33}.Release|Any CPU.ActiveCfg = Release|Any CPU
		{4149EB46-A3CB-485C-9D5B-A700C8A6CA33}.Release|Any CPU.Build.0 = Release|Any CPU
		{F6264A0E-36AB-4CE4-8C81-38E5D917713D}.Debug|Any CPU.ActiveCfg = Debug|Any CPU
		{F6264A0E-36AB-4CE4-8C81-38E5D917713D}.Debug|Any CPU.Build.0 = Debug|Any CPU
		{F6264A0E-36AB-4CE4-8C81-38E5D917713D}.Release|Any CPU.ActiveCfg = Release|Any CPU
		{F6264A0E-36AB-4CE4-8C81-38E5D917713D}.Release|Any CPU.Build.0 = Release|Any CPU
		{E006251C-DD06-463E-BFE7-E6AB73825C8A}.Debug|Any CPU.ActiveCfg = Debug|Any CPU
		{E006251C-DD06-463E-BFE7-E6AB73825C8A}.Debug|Any CPU.Build.0 = Debug|Any CPU
		{E006251C-DD06-463E-BFE7-E6AB73825C8A}.Release|Any CPU.ActiveCfg = Release|Any CPU
		{E006251C-DD06-463E-BFE7-E6AB73825C8A}.Release|Any CPU.Build.0 = Release|Any CPU
		{BE3B1FCF-CB0F-4A48-8F43-D2065EB617B2}.Debug|Any CPU.ActiveCfg = Debug|Any CPU
		{BE3B1FCF-CB0F-4A48-8F43-D2065EB617B2}.Debug|Any CPU.Build.0 = Debug|Any CPU
		{BE3B1FCF-CB0F-4A48-8F43-D2065EB617B2}.Release|Any CPU.ActiveCfg = Release|Any CPU
		{BE3B1FCF-CB0F-4A48-8F43-D2065EB617B2}.Release|Any CPU.Build.0 = Release|Any CPU
		{2B56B98A-B465-4EA8-A033-C40310E913BD}.Debug|Any CPU.ActiveCfg = Debug|Any CPU
		{2B56B98A-B465-4EA8-A033-C40310E913BD}.Debug|Any CPU.Build.0 = Debug|Any CPU
		{2B56B98A-B465-4EA8-A033-C40310E913BD}.Release|Any CPU.ActiveCfg = Release|Any CPU
		{2B56B98A-B465-4EA8-A033-C40310E913BD}.Release|Any CPU.Build.0 = Release|Any CPU
		{BE303AB6-B546-4584-98D7-7601D15883A3}.Debug|Any CPU.ActiveCfg = Debug|Any CPU
		{BE303AB6-B546-4584-98D7-7601D15883A3}.Debug|Any CPU.Build.0 = Debug|Any CPU
		{BE303AB6-B546-4584-98D7-7601D15883A3}.Release|Any CPU.ActiveCfg = Release|Any CPU
		{BE303AB6-B546-4584-98D7-7601D15883A3}.Release|Any CPU.Build.0 = Release|Any CPU
		{4DB25D2A-FF13-447D-BD53-66EAAD9486F7}.Debug|Any CPU.ActiveCfg = Debug|Any CPU
		{4DB25D2A-FF13-447D-BD53-66EAAD9486F7}.Debug|Any CPU.Build.0 = Debug|Any CPU
		{4DB25D2A-FF13-447D-BD53-66EAAD9486F7}.Release|Any CPU.ActiveCfg = Release|Any CPU
		{4DB25D2A-FF13-447D-BD53-66EAAD9486F7}.Release|Any CPU.Build.0 = Release|Any CPU
		{B14B17AD-1472-475F-ADEE-50CCDA4C62FE}.Debug|Any CPU.ActiveCfg = Debug|Any CPU
		{B14B17AD-1472-475F-ADEE-50CCDA4C62FE}.Debug|Any CPU.Build.0 = Debug|Any CPU
		{B14B17AD-1472-475F-ADEE-50CCDA4C62FE}.Release|Any CPU.ActiveCfg = Release|Any CPU
		{B14B17AD-1472-475F-ADEE-50CCDA4C62FE}.Release|Any CPU.Build.0 = Release|Any CPU
		{A30FDB29-CFCE-43E0-9C79-493B6DA89AE8}.Debug|Any CPU.ActiveCfg = Debug|Any CPU
		{A30FDB29-CFCE-43E0-9C79-493B6DA89AE8}.Debug|Any CPU.Build.0 = Debug|Any CPU
		{A30FDB29-CFCE-43E0-9C79-493B6DA89AE8}.Release|Any CPU.ActiveCfg = Release|Any CPU
		{A30FDB29-CFCE-43E0-9C79-493B6DA89AE8}.Release|Any CPU.Build.0 = Release|Any CPU
		{CC0DCD17-33DB-4D04-96B4-2A641176AB67}.Debug|Any CPU.ActiveCfg = Debug|Any CPU
		{CC0DCD17-33DB-4D04-96B4-2A641176AB67}.Debug|Any CPU.Build.0 = Debug|Any CPU
		{CC0DCD17-33DB-4D04-96B4-2A641176AB67}.Release|Any CPU.ActiveCfg = Release|Any CPU
		{CC0DCD17-33DB-4D04-96B4-2A641176AB67}.Release|Any CPU.Build.0 = Release|Any CPU
		{F9C670F7-6B9E-4E47-A384-0891D9D5D989}.Debug|Any CPU.ActiveCfg = Debug|Any CPU
		{F9C670F7-6B9E-4E47-A384-0891D9D5D989}.Debug|Any CPU.Build.0 = Debug|Any CPU
		{F9C670F7-6B9E-4E47-A384-0891D9D5D989}.Release|Any CPU.ActiveCfg = Release|Any CPU
		{F9C670F7-6B9E-4E47-A384-0891D9D5D989}.Release|Any CPU.Build.0 = Release|Any CPU
		{AA499A98-726B-40DC-B8BD-150DC1E510BB}.Debug|Any CPU.ActiveCfg = Debug|Any CPU
		{AA499A98-726B-40DC-B8BD-150DC1E510BB}.Debug|Any CPU.Build.0 = Debug|Any CPU
		{AA499A98-726B-40DC-B8BD-150DC1E510BB}.Release|Any CPU.ActiveCfg = Release|Any CPU
		{AA499A98-726B-40DC-B8BD-150DC1E510BB}.Release|Any CPU.Build.0 = Release|Any CPU
		{4769C00E-ECB3-4816-ADC6-EE7BDAC1F9AE}.Debug|Any CPU.ActiveCfg = Debug|Any CPU
		{4769C00E-ECB3-4816-ADC6-EE7BDAC1F9AE}.Debug|Any CPU.Build.0 = Debug|Any CPU
		{4769C00E-ECB3-4816-ADC6-EE7BDAC1F9AE}.Release|Any CPU.ActiveCfg = Release|Any CPU
		{4769C00E-ECB3-4816-ADC6-EE7BDAC1F9AE}.Release|Any CPU.Build.0 = Release|Any CPU
	EndGlobalSection
	GlobalSection(SolutionProperties) = preSolution
		HideSolutionNode = FALSE
	EndGlobalSection
	GlobalSection(NestedProjects) = preSolution
		{CD9F3788-280B-4F1C-A257-97FF753412DF} = {94771CFC-5D2E-40EB-A624-E530182C6BB4}
		{2B3BB876-1B15-4602-8416-9EC5B0E80305} = {94771CFC-5D2E-40EB-A624-E530182C6BB4}
		{33E3D17E-0CC6-4955-AD76-F0C12046138A} = {2B3BB876-1B15-4602-8416-9EC5B0E80305}
		{7D0CAC6A-39DB-469A-96F9-0A5C4BBF6D8F} = {2B3BB876-1B15-4602-8416-9EC5B0E80305}
		{4058BF02-674F-4F2F-89EA-894CD5EA1AC4} = {2B3BB876-1B15-4602-8416-9EC5B0E80305}
		{91C01826-F31B-4D98-8D8E-ABF524CF28B1} = {CD9F3788-280B-4F1C-A257-97FF753412DF}
		{BD0A375E-8649-4A45-B38A-4CD43D84C148} = {2B3BB876-1B15-4602-8416-9EC5B0E80305}
		{B73C684E-3D65-4039-ADD8-B37A78212A30} = {2B3BB876-1B15-4602-8416-9EC5B0E80305}
		{70AC1195-C94F-4562-A392-F9053B7AA551} = {94771CFC-5D2E-40EB-A624-E530182C6BB4}
		{21E7B55C-68F6-442F-A172-C5868F63C3D6} = {70AC1195-C94F-4562-A392-F9053B7AA551}
		{A87D893E-BEAE-489E-939C-7C1E88061932} = {70AC1195-C94F-4562-A392-F9053B7AA551}
		{B4D46A0B-5441-4AD6-B0ED-188835E5198C} = {70AC1195-C94F-4562-A392-F9053B7AA551}
		{D4AA1298-AF3D-46EA-8C3D-9A64481EC213} = {70AC1195-C94F-4562-A392-F9053B7AA551}
		{7AD95D69-F8AA-4590-9906-FF7FB60273D5} = {94771CFC-5D2E-40EB-A624-E530182C6BB4}
		{B1985769-A5C5-45BD-869B-04A11208357E} = {7AD95D69-F8AA-4590-9906-FF7FB60273D5}
		{38A8EE1C-3698-4627-ADC1-A056CDA27A32} = {7AD95D69-F8AA-4590-9906-FF7FB60273D5}
		{D6768D7C-D30E-4D76-9886-59D367E434FC} = {7AD95D69-F8AA-4590-9906-FF7FB60273D5}
		{E7E4F7B6-965C-46F3-BA47-A95D27DA2385} = {7AD95D69-F8AA-4590-9906-FF7FB60273D5}
		{A3272FBA-8389-46DB-9A9E-21BFEB07F909} = {94771CFC-5D2E-40EB-A624-E530182C6BB4}
		{DE63B2CE-CEBE-403E-99C1-13C2E0F71602} = {A3272FBA-8389-46DB-9A9E-21BFEB07F909}
		{3489A9BA-E158-4F86-9FD9-FF4FAA144086} = {A3272FBA-8389-46DB-9A9E-21BFEB07F909}
		{A8AB01CB-FBEE-4435-B3BA-C17B8263D076} = {A3272FBA-8389-46DB-9A9E-21BFEB07F909}
		{9DDE5B3F-0D0D-456B-9337-AEE729534241} = {A3272FBA-8389-46DB-9A9E-21BFEB07F909}
		{56814978-9130-4654-9BB1-18EFC8F98026} = {94771CFC-5D2E-40EB-A624-E530182C6BB4}
		{CC725294-A3A9-4762-9BAB-3D5A6E53CEF5} = {56814978-9130-4654-9BB1-18EFC8F98026}
		{2A7F0DE2-8DC2-4B43-ADF4-EF2DE344BD10} = {94771CFC-5D2E-40EB-A624-E530182C6BB4}
		{876C71BA-13D3-448A-B873-B0214E4F1708} = {2A7F0DE2-8DC2-4B43-ADF4-EF2DE344BD10}
		{A7648E64-87B7-4067-BAA7-88BD58E89800} = {94771CFC-5D2E-40EB-A624-E530182C6BB4}
		{BCA83DED-F748-4DBD-852B-BC5838421EBD} = {A7648E64-87B7-4067-BAA7-88BD58E89800}
		{60C19F31-6BD2-488C-966D-7429CDA57CA0} = {FB0F5265-CBD6-49F0-B23B-74CBE1B582A2}
		{22D66B68-4337-446B-9A9A-7E4B65559470} = {60C19F31-6BD2-488C-966D-7429CDA57CA0}
		{F48D3BE2-3E29-40B4-9E3F-AC12EFBCCDAC} = {60C19F31-6BD2-488C-966D-7429CDA57CA0}
		{91315F19-1CCA-48B3-B5A5-F773044882AD} = {60C19F31-6BD2-488C-966D-7429CDA57CA0}
		{234D1CED-85A7-4DB4-B8D3-FCE1BEEE1B23} = {FB0F5265-CBD6-49F0-B23B-74CBE1B582A2}
		{37D35AE4-7361-4DB0-9898-5CC08E6D37A2} = {234D1CED-85A7-4DB4-B8D3-FCE1BEEE1B23}
		{CDCAF147-97C1-4495-913F-64EDCA1D5AA3} = {234D1CED-85A7-4DB4-B8D3-FCE1BEEE1B23}
		{10D79816-8B0D-4261-AF24-F1BB1C87C1F5} = {FB0F5265-CBD6-49F0-B23B-74CBE1B582A2}
		{3934900A-5EDF-4F5B-8F82-6F8C67BD631D} = {10D79816-8B0D-4261-AF24-F1BB1C87C1F5}
		{F01954C4-A305-4881-9ED2-3BB3F5352C45} = {FB0F5265-CBD6-49F0-B23B-74CBE1B582A2}
		{B5CDAA49-0C1C-449E-BD45-7C19ABDFDC4F} = {F01954C4-A305-4881-9ED2-3BB3F5352C45}
		{5205F06A-634D-4AA1-BBEB-5A6541D08CED} = {F01954C4-A305-4881-9ED2-3BB3F5352C45}
		{DD42AC8B-136A-4D1D-9491-1607E2B133A7} = {FB0F5265-CBD6-49F0-B23B-74CBE1B582A2}
		{5B054987-EF4C-4ED3-ADC7-E484F835AE7B} = {DD42AC8B-136A-4D1D-9491-1607E2B133A7}
		{B5F672F6-5DB8-4DAA-8174-544B7DB76F0B} = {FB0F5265-CBD6-49F0-B23B-74CBE1B582A2}
		{4149EB46-A3CB-485C-9D5B-A700C8A6CA33} = {B5F672F6-5DB8-4DAA-8174-544B7DB76F0B}
		{46AE3325-8BF7-432F-B63A-76013BFD452B} = {FB0F5265-CBD6-49F0-B23B-74CBE1B582A2}
		{F6264A0E-36AB-4CE4-8C81-38E5D917713D} = {46AE3325-8BF7-432F-B63A-76013BFD452B}
		{16F2C6FE-6B14-4D6F-B5BD-02877134413D} = {FB0F5265-CBD6-49F0-B23B-74CBE1B582A2}
		{E006251C-DD06-463E-BFE7-E6AB73825C8A} = {16F2C6FE-6B14-4D6F-B5BD-02877134413D}
		{EC6F1E6A-9753-4FCC-8C15-2204BB7AF284} = {36580BB8-C640-4F71-B8A2-8DD5C2C835E1}
		{BE3B1FCF-CB0F-4A48-8F43-D2065EB617B2} = {EC6F1E6A-9753-4FCC-8C15-2204BB7AF284}
		{414FF6F6-1C5C-464E-86E5-E48251E67F1D} = {36580BB8-C640-4F71-B8A2-8DD5C2C835E1}
		{2B56B98A-B465-4EA8-A033-C40310E913BD} = {414FF6F6-1C5C-464E-86E5-E48251E67F1D}
		{B6042F8E-09EF-4066-A247-48FDD4222670} = {36580BB8-C640-4F71-B8A2-8DD5C2C835E1}
		{BE303AB6-B546-4584-98D7-7601D15883A3} = {B6042F8E-09EF-4066-A247-48FDD4222670}
		{09272AEC-D902-44CD-A9CC-FBDD6A8673CD} = {36580BB8-C640-4F71-B8A2-8DD5C2C835E1}
		{4DB25D2A-FF13-447D-BD53-66EAAD9486F7} = {09272AEC-D902-44CD-A9CC-FBDD6A8673CD}
		{AB0850D0-E44E-4E6C-BAD1-F6F603036895} = {36580BB8-C640-4F71-B8A2-8DD5C2C835E1}
		{B14B17AD-1472-475F-ADEE-50CCDA4C62FE} = {AB0850D0-E44E-4E6C-BAD1-F6F603036895}
		{ED54F074-43EE-4930-BC54-BBCB83389C53} = {0E60273D-19EA-4876-92CC-A8A78DCF8AA6}
		{A30FDB29-CFCE-43E0-9C79-493B6DA89AE8} = {ED54F074-43EE-4930-BC54-BBCB83389C53}
		{25FD424E-6A9D-432B-97F2-A6036D3AE654} = {0E60273D-19EA-4876-92CC-A8A78DCF8AA6}
		{CC0DCD17-33DB-4D04-96B4-2A641176AB67} = {25FD424E-6A9D-432B-97F2-A6036D3AE654}
		{F9C670F7-6B9E-4E47-A384-0891D9D5D989} = {25FD424E-6A9D-432B-97F2-A6036D3AE654}
		{AA499A98-726B-40DC-B8BD-150DC1E510BB} = {25FD424E-6A9D-432B-97F2-A6036D3AE654}
		{4769C00E-ECB3-4816-ADC6-EE7BDAC1F9AE} = {25FD424E-6A9D-432B-97F2-A6036D3AE654}
	EndGlobalSection
	GlobalSection(ExtensibilityGlobals) = postSolution
		SolutionGuid = {502C10B1-809B-4306-BCAD-CD13B727A2B5}
	EndGlobalSection
EndGlobal
