
Microsoft Visual Studio Solution File, Format Version 12.00
# Visual Studio Version 16
VisualStudioVersion = 16.0.31321.278
MinimumVisualStudioVersion = 10.0.40219.1
Project("{FAE04EC0-301F-11D3-BF4B-00C04F79EFBC}") = "Exercise1", "Exercise1\Exercise1.csproj", "{AE068EC1-3188-4D12-88EA-FA87ADDB3DE2}"
EndProject
Global
	GlobalSection(SolutionConfigurationPlatforms) = preSolution
		Debug|Any CPU = Debug|Any CPU
		Release|Any CPU = Release|Any CPU
	EndGlobalSection
	GlobalSection(ProjectConfigurationPlatforms) = postSolution
		{AE068EC1-3188-4D12-88EA-FA87ADDB3DE2}.Debug|Any CPU.ActiveCfg = Debug|Any CPU
		{AE068EC1-3188-4D12-88EA-FA87ADDB3DE2}.Debug|Any CPU.Build.0 = Debug|Any CPU
		{AE068EC1-3188-4D12-88EA-FA87ADDB3DE2}.Release|Any CPU.ActiveCfg = Release|Any CPU
		{AE068EC1-3188-4D12-88EA-FA87ADDB3DE2}.Release|Any CPU.Build.0 = Release|Any CPU
	EndGlobalSection
	GlobalSection(SolutionProperties) = preSolution
		HideSolutionNode = FALSE
	EndGlobalSection
	GlobalSection(ExtensibilityGlobals) = postSolution
		SolutionGuid = {502C10B1-809B-4306-BCAD-CD13B727A2B5}
	EndGlobalSection
EndGlobal
